{
  "name": "ono-tebe-nado",
  "lockfileVersion": 3,
  "requires": true,
  "packages": {
    "": {
      "dependencies": {
        "pretier": "^0.0.1",
        "prettier": "^3.3.3"
      }
    },
    "node_modules/pretier": {
      "version": "0.0.1",
      "resolved": "https://registry.npmjs.org/pretier/-/pretier-0.0.1.tgz",
      "integrity": "sha512-sx6A34i/SbtIbiNrwwPJ9gpGKXfezVFFsv5/7v+qwu5vcwp6RJftQ60LvRbV4LQngUnJVRyU23AsUG3t+zNHEA==",
      "license": "ISC"
    },
    "node_modules/prettier": {
      "version": "3.3.3",
      "resolved": "https://registry.npmjs.org/prettier/-/prettier-3.3.3.tgz",
      "integrity": "sha512-i2tDNA0O5IrMO757lfrdQZCc2jPNDVntV0m/+4whiDfWaTKfMNgR7Qz0NAeGz/nRqF4m5/6CLzbP4/liHt12Ew==",
      "license": "MIT",
      "bin": {
        "prettier": "bin/prettier.cjs"
      },
      "engines": {
        "node": ">=14"
      },
      "funding": {
        "url": "https://github.com/prettier/prettier?sponsor=1"
      }
    }
  }
}
